
Microsoft Visual Studio Solution File, Format Version 12.00
# Visual Studio Version 17
VisualStudioVersion = 17.3.32929.385
MinimumVisualStudioVersion = 10.0.40219.1
Project("{F184B08F-C81C-45F6-A57F-5ABD9991F28F}") = "Menus", "Menus\Menus.vbproj", "{952A7F73-47B6-4D30-B795-7E23A6C61069}"
EndProject
Global
	GlobalSection(SolutionConfigurationPlatforms) = preSolution
		Debug|Any CPU = Debug|Any CPU
		Release|Any CPU = Release|Any CPU
	EndGlobalSection
	GlobalSection(ProjectConfigurationPlatforms) = postSolution
		{952A7F73-47B6-4D30-B795-7E23A6C61069}.Debug|Any CPU.ActiveCfg = Debug|Any CPU
		{952A7F73-47B6-4D30-B795-7E23A6C61069}.Debug|Any CPU.Build.0 = Debug|Any CPU
		{952A7F73-47B6-4D30-B795-7E23A6C61069}.Release|Any CPU.ActiveCfg = Release|Any CPU
		{952A7F73-47B6-4D30-B795-7E23A6C61069}.Release|Any CPU.Build.0 = Release|Any CPU
	EndGlobalSection
	GlobalSection(SolutionProperties) = preSolution
		HideSolutionNode = FALSE
	EndGlobalSection
	GlobalSection(ExtensibilityGlobals) = postSolution
		SolutionGuid = {8D564BF9-5547-4388-A58D-6D53ACE9CE66}
	EndGlobalSection
EndGlobal
